
Microsoft Visual Studio Solution File, Format Version 12.00
# Visual Studio Version 17
VisualStudioVersion = 17.9.34728.123
MinimumVisualStudioVersion = 10.0.40219.1
Project("{FAE04EC0-301F-11D3-BF4B-00C04F79EFBC}") = "Ispit.Model", "Ispit.Model\Ispit.Model.csproj", "{13A55B9D-E8E6-4162-B63F-7476D6A4DEEA}"
EndProject
Global
	GlobalSection(SolutionConfigurationPlatforms) = preSolution
		Debug|Any CPU = Debug|Any CPU
		Release|Any CPU = Release|Any CPU
	EndGlobalSection
	GlobalSection(ProjectConfigurationPlatforms) = postSolution
		{13A55B9D-E8E6-4162-B63F-7476D6A4DEEA}.Debug|Any CPU.ActiveCfg = Debug|Any CPU
		{13A55B9D-E8E6-4162-B63F-7476D6A4DEEA}.Debug|Any CPU.Build.0 = Debug|Any CPU
		{13A55B9D-E8E6-4162-B63F-7476D6A4DEEA}.Release|Any CPU.ActiveCfg = Release|Any CPU
		{13A55B9D-E8E6-4162-B63F-7476D6A4DEEA}.Release|Any CPU.Build.0 = Release|Any CPU
	EndGlobalSection
	GlobalSection(SolutionProperties) = preSolution
		HideSolutionNode = FALSE
	EndGlobalSection
	GlobalSection(ExtensibilityGlobals) = postSolution
		SolutionGuid = {64A73ADB-8656-42AD-BD56-058D499BD9FA}
	EndGlobalSection
EndGlobal
